# THIS IS AN AUTOGENERATED FILE. DO NOT EDIT THIS FILE DIRECTLY.
# yarn lockfile v1


yall-js@^3.1.6:
  version "3.1.6"
  resolved "https://registry.yarnpkg.com/yall-js/-/yall-js-3.1.6.tgz#095921affde99e4bc1b8e203aeb5631e19410803"
  integrity sha512-3u0dElyL5baBqmzsyRzNrnKzJ44tJKY0KYd3YoJ2Ovs135PXSGpO5TteL44hUfpofHTUYJTLySeJQAYW6gY2Qw==
